
Microsoft Visual Studio Solution File, Format Version 12.00
# Visual Studio 15
VisualStudioVersion = 15.0.26403.0
MinimumVisualStudioVersion = 10.0.40219.1
Project("{FAE04EC0-301F-11D3-BF4B-00C04F79EFBC}") = "ApiTestGen", "ApiTestGen\ApiTestGen.csproj", "{CED37E84-C3F6-43C4-94F3-6ABA24940119}"
EndProject
Project("{FAE04EC0-301F-11D3-BF4B-00C04F79EFBC}") = "Runner", "Runner\Runner.csproj", "{77DBB65E-7AA0-411B-9DF7-B14383FB8ADF}"
EndProject
Global
	GlobalSection(SolutionConfigurationPlatforms) = preSolution
		Debug|Any CPU = Debug|Any CPU
		Release|Any CPU = Release|Any CPU
	EndGlobalSection
	GlobalSection(ProjectConfigurationPlatforms) = postSolution
		{CED37E84-C3F6-43C4-94F3-6ABA24940119}.Debug|Any CPU.ActiveCfg = Debug|Any CPU
		{CED37E84-C3F6-43C4-94F3-6ABA24940119}.Debug|Any CPU.Build.0 = Debug|Any CPU
		{CED37E84-C3F6-43C4-94F3-6ABA24940119}.Release|Any CPU.ActiveCfg = Release|Any CPU
		{CED37E84-C3F6-43C4-94F3-6ABA24940119}.Release|Any CPU.Build.0 = Release|Any CPU
		{77DBB65E-7AA0-411B-9DF7-B14383FB8ADF}.Debug|Any CPU.ActiveCfg = Debug|Any CPU
		{77DBB65E-7AA0-411B-9DF7-B14383FB8ADF}.Debug|Any CPU.Build.0 = Debug|Any CPU
		{77DBB65E-7AA0-411B-9DF7-B14383FB8ADF}.Release|Any CPU.ActiveCfg = Release|Any CPU
		{77DBB65E-7AA0-411B-9DF7-B14383FB8ADF}.Release|Any CPU.Build.0 = Release|Any CPU
	EndGlobalSection
	GlobalSection(SolutionProperties) = preSolution
		HideSolutionNode = FALSE
	EndGlobalSection
EndGlobal
